
Microsoft Visual Studio Solution File, Format Version 12.00
# Visual Studio 14
VisualStudioVersion = 14.0.24720.0
MinimumVisualStudioVersion = 10.0.40219.1
Project("{2150E333-8FDC-42A3-9474-1A3956D46DE8}") = "src", "src", "{F1BE3410-F43A-41F9-A369-D0D5F6F6B6B5}"
EndProject
Project("{FAE04EC0-301F-11D3-BF4B-00C04F79EFBC}") = "Itinero.Android", "src\Itinero.Android\Itinero.Android.csproj", "{2A4034B5-D9FE-4D89-BF4B-7AA0F1E58646}"
EndProject
Project("{2150E333-8FDC-42A3-9474-1A3956D46DE8}") = "samples", "samples", "{BC036AD8-FFA3-42EA-B84D-E7CD5FCED54D}"
EndProject
Project("{2150E333-8FDC-42A3-9474-1A3956D46DE8}") = "Solution", "Solution", "{6D916BFE-BF74-45A1-8BDA-75CF8E82A7D2}"
	ProjectSection(SolutionItems) = preProject
		.gitignore = .gitignore
		Itinero.sln.DotSettings = Itinero.sln.DotSettings
		LICENSE = LICENSE
		README.md = README.md
	EndProjectSection
EndProject
Project("{FAE04EC0-301F-11D3-BF4B-00C04F79EFBC}") = "Itinero.Code.Samples", "samples\Itinero.Code.Samples\Itinero.Code.Samples.csproj", "{28681778-CD03-4E87-9191-55FE2098B90C}"
EndProject
Project("{FAE04EC0-301F-11D3-BF4B-00C04F79EFBC}") = "Itinero.Wpf.Samples", "samples\Itinero.Wpf.Samples\Itinero.Wpf.Samples.csproj", "{023E6325-BCBE-469E-B375-2EC553F0F9B9}"
EndProject
Project("{FAE04EC0-301F-11D3-BF4B-00C04F79EFBC}") = "Itinero.Android.Samples", "samples\Itinero.Android.Samples\Itinero.Android.Samples.csproj", "{00C4D5A5-77EB-4C91-81DE-46A8D225919C}"
EndProject
Project("{2150E333-8FDC-42A3-9474-1A3956D46DE8}") = "tests", "tests", "{CAD730F2-7A97-432A-B66B-D1015876741A}"
EndProject
Project("{FAE04EC0-301F-11D3-BF4B-00C04F79EFBC}") = "Itinero.Core.Tests", "tests\Itinero.Core.Tests\Itinero.Core.Tests.csproj", "{D4C5836E-C583-4E82-89CC-03CCDF11A1F7}"
EndProject
Project("{FAE04EC0-301F-11D3-BF4B-00C04F79EFBC}") = "Itinero.Core", "src\Itinero.Core\Itinero.Core.csproj", "{C2B0E787-7932-488B-96D0-94FBC9F491B0}"
EndProject
Project("{2150E333-8FDC-42A3-9474-1A3956D46DE8}") = "build", "build", "{1E0D595A-A1B6-43F9-B773-98F37E679ED2}"
	ProjectSection(SolutionItems) = preProject
		build\build.proj = build\build.proj
		build\buildpack.bat = build\buildpack.bat
		build\buildpackpush.bat = build\buildpackpush.bat
		build\Itinero.ui.nuspec = build\Itinero.ui.nuspec
		build\notetoself.txt = build\notetoself.txt
		build\readme.txt = build\readme.txt
		build\updateversionnumber.proj = build\updateversionnumber.proj
	EndProjectSection
EndProject
Global
	GlobalSection(SolutionConfigurationPlatforms) = preSolution
		Debug|Any CPU = Debug|Any CPU
		Release|Any CPU = Release|Any CPU
	EndGlobalSection
	GlobalSection(ProjectConfigurationPlatforms) = postSolution
		{2A4034B5-D9FE-4D89-BF4B-7AA0F1E58646}.Debug|Any CPU.ActiveCfg = Debug|Any CPU
		{2A4034B5-D9FE-4D89-BF4B-7AA0F1E58646}.Debug|Any CPU.Build.0 = Debug|Any CPU
		{2A4034B5-D9FE-4D89-BF4B-7AA0F1E58646}.Release|Any CPU.ActiveCfg = Release|Any CPU
		{2A4034B5-D9FE-4D89-BF4B-7AA0F1E58646}.Release|Any CPU.Build.0 = Release|Any CPU
		{28681778-CD03-4E87-9191-55FE2098B90C}.Debug|Any CPU.ActiveCfg = Debug|Any CPU
		{28681778-CD03-4E87-9191-55FE2098B90C}.Debug|Any CPU.Build.0 = Debug|Any CPU
		{28681778-CD03-4E87-9191-55FE2098B90C}.Release|Any CPU.ActiveCfg = Release|Any CPU
		{28681778-CD03-4E87-9191-55FE2098B90C}.Release|Any CPU.Build.0 = Release|Any CPU
		{023E6325-BCBE-469E-B375-2EC553F0F9B9}.Debug|Any CPU.ActiveCfg = Debug|Any CPU
		{023E6325-BCBE-469E-B375-2EC553F0F9B9}.Debug|Any CPU.Build.0 = Debug|Any CPU
		{023E6325-BCBE-469E-B375-2EC553F0F9B9}.Release|Any CPU.ActiveCfg = Release|Any CPU
		{023E6325-BCBE-469E-B375-2EC553F0F9B9}.Release|Any CPU.Build.0 = Release|Any CPU
		{00C4D5A5-77EB-4C91-81DE-46A8D225919C}.Debug|Any CPU.ActiveCfg = Debug|Any CPU
		{00C4D5A5-77EB-4C91-81DE-46A8D225919C}.Debug|Any CPU.Build.0 = Debug|Any CPU
		{00C4D5A5-77EB-4C91-81DE-46A8D225919C}.Debug|Any CPU.Deploy.0 = Debug|Any CPU
		{00C4D5A5-77EB-4C91-81DE-46A8D225919C}.Release|Any CPU.ActiveCfg = Release|Any CPU
		{00C4D5A5-77EB-4C91-81DE-46A8D225919C}.Release|Any CPU.Build.0 = Release|Any CPU
		{00C4D5A5-77EB-4C91-81DE-46A8D225919C}.Release|Any CPU.Deploy.0 = Release|Any CPU
		{D4C5836E-C583-4E82-89CC-03CCDF11A1F7}.Debug|Any CPU.ActiveCfg = Debug|Any CPU
		{D4C5836E-C583-4E82-89CC-03CCDF11A1F7}.Debug|Any CPU.Build.0 = Debug|Any CPU
		{D4C5836E-C583-4E82-89CC-03CCDF11A1F7}.Release|Any CPU.ActiveCfg = Release|Any CPU
		{D4C5836E-C583-4E82-89CC-03CCDF11A1F7}.Release|Any CPU.Build.0 = Release|Any CPU
		{C2B0E787-7932-488B-96D0-94FBC9F491B0}.Debug|Any CPU.ActiveCfg = Debug|Any CPU
		{C2B0E787-7932-488B-96D0-94FBC9F491B0}.Debug|Any CPU.Build.0 = Debug|Any CPU
		{C2B0E787-7932-488B-96D0-94FBC9F491B0}.Release|Any CPU.ActiveCfg = Release|Any CPU
		{C2B0E787-7932-488B-96D0-94FBC9F491B0}.Release|Any CPU.Build.0 = Release|Any CPU
	EndGlobalSection
	GlobalSection(SolutionProperties) = preSolution
		HideSolutionNode = FALSE
	EndGlobalSection
	GlobalSection(NestedProjects) = preSolution
		{2A4034B5-D9FE-4D89-BF4B-7AA0F1E58646} = {F1BE3410-F43A-41F9-A369-D0D5F6F6B6B5}
		{28681778-CD03-4E87-9191-55FE2098B90C} = {BC036AD8-FFA3-42EA-B84D-E7CD5FCED54D}
		{023E6325-BCBE-469E-B375-2EC553F0F9B9} = {BC036AD8-FFA3-42EA-B84D-E7CD5FCED54D}
		{00C4D5A5-77EB-4C91-81DE-46A8D225919C} = {BC036AD8-FFA3-42EA-B84D-E7CD5FCED54D}
		{D4C5836E-C583-4E82-89CC-03CCDF11A1F7} = {CAD730F2-7A97-432A-B66B-D1015876741A}
		{C2B0E787-7932-488B-96D0-94FBC9F491B0} = {F1BE3410-F43A-41F9-A369-D0D5F6F6B6B5}
	EndGlobalSection
EndGlobal
